// !$*UTF8*$!
{
	archiveVersion = 1;
	classes = {
	};
	objectVersion = 46;
	objects = {

/* Begin PBXAggregateTarget section */
		3067851E1970D2A8005FEEBD /* UniversalLib */ = {
			isa = PBXAggregateTarget;
			buildConfigurationList = 3067851F1970D2A8005FEEBD /* Build configuration list for PBXAggregateTarget "UniversalLib" */;
			buildPhases = (
				306785221970D2AD005FEEBD /* ShellScript */,
			);
			dependencies = (
			);
			name = UniversalLib;
			productName = UniversalLib;
		};
/* End PBXAggregateTarget section */

/* Begin PBXBuildFile section */
		1D3623260D0F684500981E51 /* MGImageUtilitiesAppDelegate.m in Sources */ = {isa = PBXBuildFile; fileRef = 1D3623250D0F684500981E51 /* MGImageUtilitiesAppDelegate.m */; };
		1D60589B0D05DD56006BFB54 /* main.m in Sources */ = {isa = PBXBuildFile; fileRef = 29B97316FDCFA39411CA2CEA /* main.m */; };
		1D60589F0D05DD5A006BFB54 /* Foundation.framework in Frameworks */ = {isa = PBXBuildFile; fileRef = 1D30AB110D05D00D00671497 /* Foundation.framework */; };
		1DF5F4E00D08C38300B7A737 /* UIKit.framework in Frameworks */ = {isa = PBXBuildFile; fileRef = 1DF5F4DF0D08C38300B7A737 /* UIKit.framework */; };
		288765FD0DF74451002DB57D /* CoreGraphics.framework in Frameworks */ = {isa = PBXBuildFile; fileRef = 288765FC0DF74451002DB57D /* CoreGraphics.framework */; };
		28AD733F0D9D9553002E5188 /* MainWindow.xib in Resources */ = {isa = PBXBuildFile; fileRef = 28AD733E0D9D9553002E5188 /* MainWindow.xib */; };
		306784F81970D264005FEEBD /* Foundation.framework in Frameworks */ = {isa = PBXBuildFile; fileRef = 1D30AB110D05D00D00671497 /* Foundation.framework */; };
		306784FD1970D264005FEEBD /* MGImageUtilitiesLib.h in CopyFiles */ = {isa = PBXBuildFile; fileRef = 306784FC1970D264005FEEBD /* MGImageUtilitiesLib.h */; };
		306785061970D265005FEEBD /* XCTest.framework in Frameworks */ = {isa = PBXBuildFile; fileRef = 306785051970D265005FEEBD /* XCTest.framework */; };
		306785071970D265005FEEBD /* Foundation.framework in Frameworks */ = {isa = PBXBuildFile; fileRef = 1D30AB110D05D00D00671497 /* Foundation.framework */; };
		306785081970D265005FEEBD /* UIKit.framework in Frameworks */ = {isa = PBXBuildFile; fileRef = 1DF5F4DF0D08C38300B7A737 /* UIKit.framework */; };
		3067850B1970D265005FEEBD /* libMGImageUtilitiesLib.a in Frameworks */ = {isa = PBXBuildFile; fileRef = 306784F71970D264005FEEBD /* libMGImageUtilitiesLib.a */; };
		306785111970D265005FEEBD /* InfoPlist.strings in Resources */ = {isa = PBXBuildFile; fileRef = 3067850F1970D265005FEEBD /* InfoPlist.strings */; };
		306785131970D265005FEEBD /* MGImageUtilitiesLibTests.m in Sources */ = {isa = PBXBuildFile; fileRef = 306785121970D265005FEEBD /* MGImageUtilitiesLibTests.m */; };
		3067851A1970D286005FEEBD /* UIImage+ProportionalFill.h in Sources */ = {isa = PBXBuildFile; fileRef = C901793F11E13174002B9BA3 /* UIImage+ProportionalFill.h */; };
		3067851B1970D286005FEEBD /* UIImage+ProportionalFill.m in Sources */ = {isa = PBXBuildFile; fileRef = C901794011E13174002B9BA3 /* UIImage+ProportionalFill.m */; };
		3067851C1970D286005FEEBD /* UIImage+Tint.h in Sources */ = {isa = PBXBuildFile; fileRef = C901794111E13174002B9BA3 /* UIImage+Tint.h */; };
		3067851D1970D286005FEEBD /* UIImage+Tint.m in Sources */ = {isa = PBXBuildFile; fileRef = C901794211E13174002B9BA3 /* UIImage+Tint.m */; };
		C901794411E13174002B9BA3 /* UIImage+ProportionalFill.m in Sources */ = {isa = PBXBuildFile; fileRef = C901794011E13174002B9BA3 /* UIImage+ProportionalFill.m */; };
		C901794511E13174002B9BA3 /* UIImage+Tint.m in Sources */ = {isa = PBXBuildFile; fileRef = C901794211E13174002B9BA3 /* UIImage+Tint.m */; };
		C901797A11E1398F002B9BA3 /* original.png in Resources */ = {isa = PBXBuildFile; fileRef = C901797911E1398F002B9BA3 /* original.png */; };
/* End PBXBuildFile section */

/* Begin PBXContainerItemProxy section */
		306785091970D265005FEEBD /* PBXContainerItemProxy */ = {
			isa = PBXContainerItemProxy;
			containerPortal = 29B97313FDCFA39411CA2CEA /* Project object */;
			proxyType = 1;
			remoteGlobalIDString = 306784F61970D264005FEEBD;
			remoteInfo = MGImageUtilitiesLib;
		};
/* End PBXContainerItemProxy section */

/* Begin PBXCopyFilesBuildPhase section */
		306784F51970D264005FEEBD /* CopyFiles */ = {
			isa = PBXCopyFilesBuildPhase;
			buildActionMask = 2147483647;
			dstPath = "include/$(PRODUCT_NAME)";
			dstSubfolderSpec = 16;
			files = (
				306784FD1970D264005FEEBD /* MGImageUtilitiesLib.h in CopyFiles */,
			);
			runOnlyForDeploymentPostprocessing = 0;
		};
/* End PBXCopyFilesBuildPhase section */

/* Begin PBXFileReference section */
		1D30AB110D05D00D00671497 /* Foundation.framework */ = {isa = PBXFileReference; lastKnownFileType = wrapper.framework; name = Foundation.framework; path = System/Library/Frameworks/Foundation.framework; sourceTree = SDKROOT; };
		1D3623240D0F684500981E51 /* MGImageUtilitiesAppDelegate.h */ = {isa = PBXFileReference; fileEncoding = 4; lastKnownFileType = sourcecode.c.h; path = MGImageUtilitiesAppDelegate.h; sourceTree = "<group>"; };
		1D3623250D0F684500981E51 /* MGImageUtilitiesAppDelegate.m */ = {isa = PBXFileReference; fileEncoding = 4; lastKnownFileType = sourcecode.c.objc; path = MGImageUtilitiesAppDelegate.m; sourceTree = "<group>"; };
		1D6058910D05DD3D006BFB54 /* MGImageUtilities.app */ = {isa = PBXFileReference; explicitFileType = wrapper.application; includeInIndex = 0; path = MGImageUtilities.app; sourceTree = BUILT_PRODUCTS_DIR; };
		1DF5F4DF0D08C38300B7A737 /* UIKit.framework */ = {isa = PBXFileReference; lastKnownFileType = wrapper.framework; name = UIKit.framework; path = System/Library/Frameworks/UIKit.framework; sourceTree = SDKROOT; };
		288765FC0DF74451002DB57D /* CoreGraphics.framework */ = {isa = PBXFileReference; lastKnownFileType = wrapper.framework; name = CoreGraphics.framework; path = System/Library/Frameworks/CoreGraphics.framework; sourceTree = SDKROOT; };
		28AD733E0D9D9553002E5188 /* MainWindow.xib */ = {isa = PBXFileReference; lastKnownFileType = file.xib; path = MainWindow.xib; sourceTree = "<group>"; };
		29B97316FDCFA39411CA2CEA /* main.m */ = {isa = PBXFileReference; fileEncoding = 4; lastKnownFileType = sourcecode.c.objc; path = main.m; sourceTree = "<group>"; };
		306784F71970D264005FEEBD /* libMGImageUtilitiesLib.a */ = {isa = PBXFileReference; explicitFileType = archive.ar; includeInIndex = 0; path = libMGImageUtilitiesLib.a; sourceTree = BUILT_PRODUCTS_DIR; };
		306784FB1970D264005FEEBD /* MGImageUtilitiesLib-Prefix.pch */ = {isa = PBXFileReference; lastKnownFileType = sourcecode.c.h; path = "MGImageUtilitiesLib-Prefix.pch"; sourceTree = "<group>"; };
		306784FC1970D264005FEEBD /* MGImageUtilitiesLib.h */ = {isa = PBXFileReference; lastKnownFileType = sourcecode.c.h; path = MGImageUtilitiesLib.h; sourceTree = "<group>"; };
		306784FE1970D264005FEEBD /* MGImageUtilitiesLib.m */ = {isa = PBXFileReference; lastKnownFileType = sourcecode.c.objc; path = MGImageUtilitiesLib.m; sourceTree = "<group>"; };
		306785041970D265005FEEBD /* MGImageUtilitiesLibTests.xctest */ = {isa = PBXFileReference; explicitFileType = wrapper.cfbundle; includeInIndex = 0; path = MGImageUtilitiesLibTests.xctest; sourceTree = BUILT_PRODUCTS_DIR; };
		306785051970D265005FEEBD /* XCTest.framework */ = {isa = PBXFileReference; lastKnownFileType = wrapper.framework; name = XCTest.framework; path = Library/Frameworks/XCTest.framework; sourceTree = DEVELOPER_DIR; };
		3067850E1970D265005FEEBD /* MGImageUtilitiesLibTests-Info.plist */ = {isa = PBXFileReference; lastKnownFileType = text.plist.xml; path = "MGImageUtilitiesLibTests-Info.plist"; sourceTree = "<group>"; };
		306785101970D265005FEEBD /* en */ = {isa = PBXFileReference; lastKnownFileType = text.plist.strings; name = en; path = en.lproj/InfoPlist.strings; sourceTree = "<group>"; };
		306785121970D265005FEEBD /* MGImageUtilitiesLibTests.m */ = {isa = PBXFileReference; lastKnownFileType = sourcecode.c.objc; path = MGImageUtilitiesLibTests.m; sourceTree = "<group>"; };
		32CA4F630368D1EE00C91783 /* MGImageUtilities_Prefix.pch */ = {isa = PBXFileReference; fileEncoding = 4; lastKnownFileType = sourcecode.c.h; path = MGImageUtilities_Prefix.pch; sourceTree = "<group>"; };
		8D1107310486CEB800E47090 /* MGImageUtilities-Info.plist */ = {isa = PBXFileReference; fileEncoding = 4; lastKnownFileType = text.plist.xml; path = "MGImageUtilities-Info.plist"; plistStructureDefinitionIdentifier = "com.apple.xcode.plist.structure-definition.iphone.info-plist"; sourceTree = "<group>"; };
		C901793F11E13174002B9BA3 /* UIImage+ProportionalFill.h */ = {isa = PBXFileReference; fileEncoding = 4; lastKnownFileType = sourcecode.c.h; path = "UIImage+ProportionalFill.h"; sourceTree = "<group>"; };
		C901794011E13174002B9BA3 /* UIImage+ProportionalFill.m */ = {isa = PBXFileReference; fileEncoding = 4; lastKnownFileType = sourcecode.c.objc; path = "UIImage+ProportionalFill.m"; sourceTree = "<group>"; };
		C901794111E13174002B9BA3 /* UIImage+Tint.h */ = {isa = PBXFileReference; fileEncoding = 4; lastKnownFileType = sourcecode.c.h; path = "UIImage+Tint.h"; sourceTree = "<group>"; };
		C901794211E13174002B9BA3 /* UIImage+Tint.m */ = {isa = PBXFileReference; fileEncoding = 4; lastKnownFileType = sourcecode.c.objc; path = "UIImage+Tint.m"; sourceTree = "<group>"; };
		C901795511E1354F002B9BA3 /* Source Code License.rtf */ = {isa = PBXFileReference; lastKnownFileType = text.rtf; path = "Source Code License.rtf"; sourceTree = "<group>"; };
		C901797911E1398F002B9BA3 /* original.png */ = {isa = PBXFileReference; lastKnownFileType = image.png; path = original.png; sourceTree = "<group>"; };
		C901798311E13A4C002B9BA3 /* original.psd */ = {isa = PBXFileReference; lastKnownFileType = file; path = original.psd; sourceTree = "<group>"; };
		C9D4929311E1D29A00B63B06 /* README.markdown */ = {isa = PBXFileReference; fileEncoding = 4; lastKnownFileType = text; path = README.markdown; sourceTree = "<group>"; };
/* End PBXFileReference section */

/* Begin PBXFrameworksBuildPhase section */
		1D60588F0D05DD3D006BFB54 /* Frameworks */ = {
			isa = PBXFrameworksBuildPhase;
			buildActionMask = 2147483647;
			files = (
				1D60589F0D05DD5A006BFB54 /* Foundation.framework in Frameworks */,
				1DF5F4E00D08C38300B7A737 /* UIKit.framework in Frameworks */,
				288765FD0DF74451002DB57D /* CoreGraphics.framework in Frameworks */,
			);
			runOnlyForDeploymentPostprocessing = 0;
		};
		306784F41970D264005FEEBD /* Frameworks */ = {
			isa = PBXFrameworksBuildPhase;
			buildActionMask = 2147483647;
			files = (
				306784F81970D264005FEEBD /* Foundation.framework in Frameworks */,
			);
			runOnlyForDeploymentPostprocessing = 0;
		};
		306785011970D265005FEEBD /* Frameworks */ = {
			isa = PBXFrameworksBuildPhase;
			buildActionMask = 2147483647;
			files = (
				3067850B1970D265005FEEBD /* libMGImageUtilitiesLib.a in Frameworks */,
				306785061970D265005FEEBD /* XCTest.framework in Frameworks */,
				306785081970D265005FEEBD /* UIKit.framework in Frameworks */,
				306785071970D265005FEEBD /* Foundation.framework in Frameworks */,
			);
			runOnlyForDeploymentPostprocessing = 0;
		};
/* End PBXFrameworksBuildPhase section */

/* Begin PBXGroup section */
		080E96DDFE201D6D7F000001 /* Classes */ = {
			isa = PBXGroup;
			children = (
				C901792E11E13130002B9BA3 /* Demo */,
				C901793111E13134002B9BA3 /* Categories */,
			);
			path = Classes;
			sourceTree = "<group>";
		};
		19C28FACFE9D520D11CA2CBB /* Products */ = {
			isa = PBXGroup;
			children = (
				1D6058910D05DD3D006BFB54 /* MGImageUtilities.app */,
				306784F71970D264005FEEBD /* libMGImageUtilitiesLib.a */,
				306785041970D265005FEEBD /* MGImageUtilitiesLibTests.xctest */,
			);
			name = Products;
			sourceTree = "<group>";
		};
		29B97314FDCFA39411CA2CEA /* CustomTemplate */ = {
			isa = PBXGroup;
			children = (
				C9D4929311E1D29A00B63B06 /* README.markdown */,
				C901795511E1354F002B9BA3 /* Source Code License.rtf */,
				080E96DDFE201D6D7F000001 /* Classes */,
				29B97315FDCFA39411CA2CEA /* Other Sources */,
				29B97317FDCFA39411CA2CEA /* Resources */,
				306784F91970D264005FEEBD /* MGImageUtilitiesLib */,
				3067850C1970D265005FEEBD /* MGImageUtilitiesLibTests */,
				29B97323FDCFA39411CA2CEA /* Frameworks */,
				19C28FACFE9D520D11CA2CBB /* Products */,
			);
			name = CustomTemplate;
			sourceTree = "<group>";
		};
		29B97315FDCFA39411CA2CEA /* Other Sources */ = {
			isa = PBXGroup;
			children = (
				32CA4F630368D1EE00C91783 /* MGImageUtilities_Prefix.pch */,
				29B97316FDCFA39411CA2CEA /* main.m */,
			);
			name = "Other Sources";
			sourceTree = "<group>";
		};
		29B97317FDCFA39411CA2CEA /* Resources */ = {
			isa = PBXGroup;
			children = (
				C901797911E1398F002B9BA3 /* original.png */,
				C901798311E13A4C002B9BA3 /* original.psd */,
				28AD733E0D9D9553002E5188 /* MainWindow.xib */,
				8D1107310486CEB800E47090 /* MGImageUtilities-Info.plist */,
			);
			name = Resources;
			sourceTree = "<group>";
		};
		29B97323FDCFA39411CA2CEA /* Frameworks */ = {
			isa = PBXGroup;
			children = (
				1DF5F4DF0D08C38300B7A737 /* UIKit.framework */,
				1D30AB110D05D00D00671497 /* Foundation.framework */,
				288765FC0DF74451002DB57D /* CoreGraphics.framework */,
				306785051970D265005FEEBD /* XCTest.framework */,
			);
			name = Frameworks;
			sourceTree = "<group>";
		};
		306784F91970D264005FEEBD /* MGImageUtilitiesLib */ = {
			isa = PBXGroup;
			children = (
				306784FC1970D264005FEEBD /* MGImageUtilitiesLib.h */,
				306784FE1970D264005FEEBD /* MGImageUtilitiesLib.m */,
				306784FA1970D264005FEEBD /* Supporting Files */,
			);
			path = MGImageUtilitiesLib;
			sourceTree = "<group>";
		};
		306784FA1970D264005FEEBD /* Supporting Files */ = {
			isa = PBXGroup;
			children = (
				306784FB1970D264005FEEBD /* MGImageUtilitiesLib-Prefix.pch */,
			);
			name = "Supporting Files";
			sourceTree = "<group>";
		};
		3067850C1970D265005FEEBD /* MGImageUtilitiesLibTests */ = {
			isa = PBXGroup;
			children = (
				306785121970D265005FEEBD /* MGImageUtilitiesLibTests.m */,
				3067850D1970D265005FEEBD /* Supporting Files */,
			);
			path = MGImageUtilitiesLibTests;
			sourceTree = "<group>";
		};
		3067850D1970D265005FEEBD /* Supporting Files */ = {
			isa = PBXGroup;
			children = (
				3067850E1970D265005FEEBD /* MGImageUtilitiesLibTests-Info.plist */,
				3067850F1970D265005FEEBD /* InfoPlist.strings */,
			);
			name = "Supporting Files";
			sourceTree = "<group>";
		};
		C901792E11E13130002B9BA3 /* Demo */ = {
			isa = PBXGroup;
			children = (
				1D3623240D0F684500981E51 /* MGImageUtilitiesAppDelegate.h */,
				1D3623250D0F684500981E51 /* MGImageUtilitiesAppDelegate.m */,
			);
			name = Demo;
			sourceTree = "<group>";
		};
		C901793111E13134002B9BA3 /* Categories */ = {
			isa = PBXGroup;
			children = (
				C901793F11E13174002B9BA3 /* UIImage+ProportionalFill.h */,
				C901794011E13174002B9BA3 /* UIImage+ProportionalFill.m */,
				C901794111E13174002B9BA3 /* UIImage+Tint.h */,
				C901794211E13174002B9BA3 /* UIImage+Tint.m */,
			);
			name = Categories;
			sourceTree = "<group>";
		};
/* End PBXGroup section */

/* Begin PBXNativeTarget section */
		1D6058900D05DD3D006BFB54 /* MGImageUtilities */ = {
			isa = PBXNativeTarget;
			buildConfigurationList = 1D6058960D05DD3E006BFB54 /* Build configuration list for PBXNativeTarget "MGImageUtilities" */;
			buildPhases = (
				1D60588D0D05DD3D006BFB54 /* Resources */,
				1D60588E0D05DD3D006BFB54 /* Sources */,
				1D60588F0D05DD3D006BFB54 /* Frameworks */,
			);
			buildRules = (
			);
			dependencies = (
			);
			name = MGImageUtilities;
			productName = MGImageUtilities;
			productReference = 1D6058910D05DD3D006BFB54 /* MGImageUtilities.app */;
			productType = "com.apple.product-type.application";
		};
		306784F61970D264005FEEBD /* MGImageUtilitiesLib */ = {
			isa = PBXNativeTarget;
			buildConfigurationList = 306785181970D265005FEEBD /* Build configuration list for PBXNativeTarget "MGImageUtilitiesLib" */;
			buildPhases = (
				306784F31970D264005FEEBD /* Sources */,
				306784F41970D264005FEEBD /* Frameworks */,
				306784F51970D264005FEEBD /* CopyFiles */,
			);
			buildRules = (
			);
			dependencies = (
			);
			name = MGImageUtilitiesLib;
			productName = MGImageUtilitiesLib;
			productReference = 306784F71970D264005FEEBD /* libMGImageUtilitiesLib.a */;
			productType = "com.apple.product-type.library.static";
		};
		306785031970D265005FEEBD /* MGImageUtilitiesLibTests */ = {
			isa = PBXNativeTarget;
			buildConfigurationList = 306785191970D265005FEEBD /* Build configuration list for PBXNativeTarget "MGImageUtilitiesLibTests" */;
			buildPhases = (
				306785001970D265005FEEBD /* Sources */,
				306785011970D265005FEEBD /* Frameworks */,
				306785021970D265005FEEBD /* Resources */,
			);
			buildRules = (
			);
			dependencies = (
				3067850A1970D265005FEEBD /* PBXTargetDependency */,
			);
			name = MGImageUtilitiesLibTests;
			productName = MGImageUtilitiesLibTests;
			productReference = 306785041970D265005FEEBD /* MGImageUtilitiesLibTests.xctest */;
			productType = "com.apple.product-type.bundle.unit-test";
		};
/* End PBXNativeTarget section */

/* Begin PBXProject section */
		29B97313FDCFA39411CA2CEA /* Project object */ = {
			isa = PBXProject;
			attributes = {
				LastUpgradeCheck = 0410;
				TargetAttributes = {
					306785031970D265005FEEBD = {
						TestTargetID = 1D6058900D05DD3D006BFB54;
					};
				};
			};
			buildConfigurationList = C01FCF4E08A954540054247B /* Build configuration list for PBXProject "MGImageUtilities" */;
			compatibilityVersion = "Xcode 3.2";
			developmentRegion = English;
			hasScannedForEncodings = 1;
			knownRegions = (
				en,
			);
			mainGroup = 29B97314FDCFA39411CA2CEA /* CustomTemplate */;
			projectDirPath = "";
			projectRoot = "";
			targets = (
				1D6058900D05DD3D006BFB54 /* MGImageUtilities */,
				306784F61970D264005FEEBD /* MGImageUtilitiesLib */,
				306785031970D265005FEEBD /* MGImageUtilitiesLibTests */,
				3067851E1970D2A8005FEEBD /* UniversalLib */,
			);
		};
/* End PBXProject section */

/* Begin PBXResourcesBuildPhase section */
		1D60588D0D05DD3D006BFB54 /* Resources */ = {
			isa = PBXResourcesBuildPhase;
			buildActionMask = 2147483647;
			files = (
				28AD733F0D9D9553002E5188 /* MainWindow.xib in Resources */,
				C901797A11E1398F002B9BA3 /* original.png in Resources */,
			);
			runOnlyForDeploymentPostprocessing = 0;
		};
		306785021970D265005FEEBD /* Resources */ = {
			isa = PBXResourcesBuildPhase;
			buildActionMask = 2147483647;
			files = (
				306785111970D265005FEEBD /* InfoPlist.strings in Resources */,
			);
			runOnlyForDeploymentPostprocessing = 0;
		};
/* End PBXResourcesBuildPhase section */

/* Begin PBXShellScriptBuildPhase section */
		306785221970D2AD005FEEBD /* ShellScript */ = {
			isa = PBXShellScriptBuildPhase;
			buildActionMask = 2147483647;
			files = (
			);
			inputPaths = (
			);
			outputPaths = (
			);
			runOnlyForDeploymentPostprocessing = 0;
			shellPath = /bin/sh;
			shellScript = "# define output folder environment variable\nUNIVERSAL_OUTPUTFOLDER=${BUILD_DIR}/${CONFIGURATION}-universal\n\n# Step 1. Build Device and Simulator versions\nxcodebuild -target MGImageUtilitiesLib ONLY_ACTIVE_ARCH=NO -configuration ${CONFIGURATION} -sdk iphoneos  BUILD_DIR=\"${BUILD_DIR}\" BUILD_ROOT=\"${BUILD_ROOT}\"\nxcodebuild -target MGImageUtilitiesLib -configuration ${CONFIGURATION} -sdk iphonesimulator -arch i386 BUILD_DIR=\"${BUILD_DIR}\" BUILD_ROOT=\"${BUILD_ROOT}\"\n\n# make sure the output directory exists\nmkdir -p \"${UNIVERSAL_OUTPUTFOLDER}\"\n\n# Step 2. Create universal binary file using lipo\nlipo -create -output \"${UNIVERSAL_OUTPUTFOLDER}/libMGImageUtilitiesLib.a\" \"${BUILD_DIR}/${CONFIGURATION}-iphoneos/libMGImageUtilitiesLib.a\" \"${BUILD_DIR}/${CONFIGURATION}-iphonesimulator/libMGImageUtilitiesLib.a\"\n\n# Last touch. copy the header files. Just for convenience\ncp -R \"${BUILD_DIR}/${CONFIGURATION}-iphoneos/include\" \"${UNIVERSAL_OUTPUTFOLDER}/\"";
		};
/* End PBXShellScriptBuildPhase section */

/* Begin PBXSourcesBuildPhase section */
		1D60588E0D05DD3D006BFB54 /* Sources */ = {
			isa = PBXSourcesBuildPhase;
			buildActionMask = 2147483647;
			files = (
				1D60589B0D05DD56006BFB54 /* main.m in Sources */,
				1D3623260D0F684500981E51 /* MGImageUtilitiesAppDelegate.m in Sources */,
				C901794411E13174002B9BA3 /* UIImage+ProportionalFill.m in Sources */,
				C901794511E13174002B9BA3 /* UIImage+Tint.m in Sources */,
			);
			runOnlyForDeploymentPostprocessing = 0;
		};
		306784F31970D264005FEEBD /* Sources */ = {
			isa = PBXSourcesBuildPhase;
			buildActionMask = 2147483647;
			files = (
				3067851A1970D286005FEEBD /* UIImage+ProportionalFill.h in Sources */,
				3067851B1970D286005FEEBD /* UIImage+ProportionalFill.m in Sources */,
				3067851C1970D286005FEEBD /* UIImage+Tint.h in Sources */,
				3067851D1970D286005FEEBD /* UIImage+Tint.m in Sources */,
			);
			runOnlyForDeploymentPostprocessing = 0;
		};
		306785001970D265005FEEBD /* Sources */ = {
			isa = PBXSourcesBuildPhase;
			buildActionMask = 2147483647;
			files = (
				306785131970D265005FEEBD /* MGImageUtilitiesLibTests.m in Sources */,
			);
			runOnlyForDeploymentPostprocessing = 0;
		};
/* End PBXSourcesBuildPhase section */

/* Begin PBXTargetDependency section */
		3067850A1970D265005FEEBD /* PBXTargetDependency */ = {
			isa = PBXTargetDependency;
			target = 306784F61970D264005FEEBD /* MGImageUtilitiesLib */;
			targetProxy = 306785091970D265005FEEBD /* PBXContainerItemProxy */;
		};
/* End PBXTargetDependency section */

/* Begin PBXVariantGroup section */
		3067850F1970D265005FEEBD /* InfoPlist.strings */ = {
			isa = PBXVariantGroup;
			children = (
				306785101970D265005FEEBD /* en */,
			);
			name = InfoPlist.strings;
			sourceTree = "<group>";
		};
/* End PBXVariantGroup section */

/* Begin XCBuildConfiguration section */
		1D6058940D05DD3E006BFB54 /* Debug */ = {
			isa = XCBuildConfiguration;
			buildSettings = {
				ALWAYS_SEARCH_USER_PATHS = NO;
				COPY_PHASE_STRIP = NO;
				GCC_DYNAMIC_NO_PIC = NO;
				GCC_OPTIMIZATION_LEVEL = 0;
				GCC_PRECOMPILE_PREFIX_HEADER = YES;
				GCC_PREFIX_HEADER = MGImageUtilities_Prefix.pch;
				GCC_VERSION = com.apple.compilers.llvmgcc42;
				INFOPLIST_FILE = "MGImageUtilities-Info.plist";
				PRODUCT_NAME = MGImageUtilities;
			};
			name = Debug;
		};
		1D6058950D05DD3E006BFB54 /* Release */ = {
			isa = XCBuildConfiguration;
			buildSettings = {
				ALWAYS_SEARCH_USER_PATHS = NO;
				COPY_PHASE_STRIP = YES;
				GCC_PRECOMPILE_PREFIX_HEADER = YES;
				GCC_PREFIX_HEADER = MGImageUtilities_Prefix.pch;
				GCC_VERSION = com.apple.compilers.llvmgcc42;
				INFOPLIST_FILE = "MGImageUtilities-Info.plist";
				PRODUCT_NAME = MGImageUtilities;
				VALIDATE_PRODUCT = YES;
			};
			name = Release;
		};
		306785141970D265005FEEBD /* Debug */ = {
			isa = XCBuildConfiguration;
			buildSettings = {
				ALWAYS_SEARCH_USER_PATHS = NO;
				CLANG_CXX_LANGUAGE_STANDARD = "gnu++0x";
				CLANG_CXX_LIBRARY = "libc++";
				CLANG_ENABLE_MODULES = YES;
				CLANG_ENABLE_OBJC_ARC = YES;
				CLANG_WARN_BOOL_CONVERSION = YES;
				CLANG_WARN_CONSTANT_CONVERSION = YES;
				CLANG_WARN_DIRECT_OBJC_ISA_USAGE = YES_ERROR;
				CLANG_WARN_EMPTY_BODY = YES;
				CLANG_WARN_ENUM_CONVERSION = YES;
				CLANG_WARN_INT_CONVERSION = YES;
				CLANG_WARN_OBJC_ROOT_CLASS = YES_ERROR;
				CLANG_WARN__DUPLICATE_METHOD_MATCH = YES;
				COPY_PHASE_STRIP = NO;
				DSTROOT = /tmp/MGImageUtilitiesLib.dst;
				GCC_C_LANGUAGE_STANDARD = gnu99;
				GCC_DYNAMIC_NO_PIC = NO;
				GCC_OPTIMIZATION_LEVEL = 0;
				GCC_PRECOMPILE_PREFIX_HEADER = YES;
				GCC_PREFIX_HEADER = "MGImageUtilitiesLib/MGImageUtilitiesLib-Prefix.pch";
				GCC_PREPROCESSOR_DEFINITIONS = (
					"DEBUG=1",
					"$(inherited)",
				);
				GCC_SYMBOLS_PRIVATE_EXTERN = NO;
				GCC_WARN_64_TO_32_BIT_CONVERSION = YES;
				GCC_WARN_ABOUT_RETURN_TYPE = YES_ERROR;
				GCC_WARN_UNDECLARED_SELECTOR = YES;
				GCC_WARN_UNINITIALIZED_AUTOS = YES_AGGRESSIVE;
				GCC_WARN_UNUSED_FUNCTION = YES;
				IPHONEOS_DEPLOYMENT_TARGET = 7.1;
				ONLY_ACTIVE_ARCH = YES;
				OTHER_LDFLAGS = "-ObjC";
				PRODUCT_NAME = "$(TARGET_NAME)";
				SKIP_INSTALL = YES;
			};
			name = Debug;
		};
		306785151970D265005FEEBD /* Release */ = {
			isa = XCBuildConfiguration;
			buildSettings = {
				ALWAYS_SEARCH_USER_PATHS = NO;
				CLANG_CXX_LANGUAGE_STANDARD = "gnu++0x";
				CLANG_CXX_LIBRARY = "libc++";
				CLANG_ENABLE_MODULES = YES;
				CLANG_ENABLE_OBJC_ARC = YES;
				CLANG_WARN_BOOL_CONVERSION = YES;
				CLANG_WARN_CONSTANT_CONVERSION = YES;
				CLANG_WARN_DIRECT_OBJC_ISA_USAGE = YES_ERROR;
				CLANG_WARN_EMPTY_BODY = YES;
				CLANG_WARN_ENUM_CONVERSION = YES;
				CLANG_WARN_INT_CONVERSION = YES;
				CLANG_WARN_OBJC_ROOT_CLASS = YES_ERROR;
				CLANG_WARN__DUPLICATE_METHOD_MATCH = YES;
				COPY_PHASE_STRIP = YES;
				DSTROOT = /tmp/MGImageUtilitiesLib.dst;
				ENABLE_NS_ASSERTIONS = NO;
				GCC_C_LANGUAGE_STANDARD = gnu99;
				GCC_PRECOMPILE_PREFIX_HEADER = YES;
				GCC_PREFIX_HEADER = "MGImageUtilitiesLib/MGImageUtilitiesLib-Prefix.pch";
				GCC_WARN_64_TO_32_BIT_CONVERSION = YES;
				GCC_WARN_ABOUT_RETURN_TYPE = YES_ERROR;
				GCC_WARN_UNDECLARED_SELECTOR = YES;
				GCC_WARN_UNINITIALIZED_AUTOS = YES_AGGRESSIVE;
				GCC_WARN_UNUSED_FUNCTION = YES;
				IPHONEOS_DEPLOYMENT_TARGET = 7.1;
				OTHER_LDFLAGS = "-ObjC";
				PRODUCT_NAME = "$(TARGET_NAME)";
				SKIP_INSTALL = YES;
				VALIDATE_PRODUCT = YES;
			};
			name = Release;
		};
		306785161970D265005FEEBD /* Debug */ = {
			isa = XCBuildConfiguration;
			buildSettings = {
				ALWAYS_SEARCH_USER_PATHS = NO;
				BUNDLE_LOADER = "$(BUILT_PRODUCTS_DIR)/MGImageUtilities.app/MGImageUtilities";
				CLANG_CXX_LANGUAGE_STANDARD = "gnu++0x";
				CLANG_CXX_LIBRARY = "libc++";
				CLANG_ENABLE_MODULES = YES;
				CLANG_ENABLE_OBJC_ARC = YES;
				CLANG_WARN_BOOL_CONVERSION = YES;
				CLANG_WARN_CONSTANT_CONVERSION = YES;
				CLANG_WARN_DIRECT_OBJC_ISA_USAGE = YES_ERROR;
				CLANG_WARN_EMPTY_BODY = YES;
				CLANG_WARN_ENUM_CONVERSION = YES;
				CLANG_WARN_INT_CONVERSION = YES;
				CLANG_WARN_OBJC_ROOT_CLASS = YES_ERROR;
				CLANG_WARN__DUPLICATE_METHOD_MATCH = YES;
				COPY_PHASE_STRIP = NO;
				FRAMEWORK_SEARCH_PATHS = (
					"$(SDKROOT)/Developer/Library/Frameworks",
					"$(inherited)",
					"$(DEVELOPER_FRAMEWORKS_DIR)",
				);
				GCC_C_LANGUAGE_STANDARD = gnu99;
				GCC_DYNAMIC_NO_PIC = NO;
				GCC_OPTIMIZATION_LEVEL = 0;
				GCC_PRECOMPILE_PREFIX_HEADER = YES;
				GCC_PREFIX_HEADER = "MGImageUtilitiesLib/MGImageUtilitiesLib-Prefix.pch";
				GCC_PREPROCESSOR_DEFINITIONS = (
					"DEBUG=1",
					"$(inherited)",
				);
				GCC_SYMBOLS_PRIVATE_EXTERN = NO;
				GCC_WARN_64_TO_32_BIT_CONVERSION = YES;
				GCC_WARN_ABOUT_RETURN_TYPE = YES_ERROR;
				GCC_WARN_UNDECLARED_SELECTOR = YES;
				GCC_WARN_UNINITIALIZED_AUTOS = YES_AGGRESSIVE;
				GCC_WARN_UNUSED_FUNCTION = YES;
				INFOPLIST_FILE = "MGImageUtilitiesLibTests/MGImageUtilitiesLibTests-Info.plist";
				IPHONEOS_DEPLOYMENT_TARGET = 7.1;
				ONLY_ACTIVE_ARCH = YES;
				PRODUCT_NAME = "$(TARGET_NAME)";
				TEST_HOST = "$(BUNDLE_LOADER)";
				WRAPPER_EXTENSION = xctest;
			};
			name = Debug;
		};
		306785171970D265005FEEBD /* Release */ = {
			isa = XCBuildConfiguration;
			buildSettings = {
				ALWAYS_SEARCH_USER_PATHS = NO;
				BUNDLE_LOADER = "$(BUILT_PRODUCTS_DIR)/MGImageUtilities.app/MGImageUtilities";
				CLANG_CXX_LANGUAGE_STANDARD = "gnu++0x";
				CLANG_CXX_LIBRARY = "libc++";
				CLANG_ENABLE_MODULES = YES;
				CLANG_ENABLE_OBJC_ARC = YES;
				CLANG_WARN_BOOL_CONVERSION = YES;
				CLANG_WARN_CONSTANT_CONVERSION = YES;
				CLANG_WARN_DIRECT_OBJC_ISA_USAGE = YES_ERROR;
				CLANG_WARN_EMPTY_BODY = YES;
				CLANG_WARN_ENUM_CONVERSION = YES;
				CLANG_WARN_INT_CONVERSION = YES;
				CLANG_WARN_OBJC_ROOT_CLASS = YES_ERROR;
				CLANG_WARN__DUPLICATE_METHOD_MATCH = YES;
				COPY_PHASE_STRIP = YES;
				ENABLE_NS_ASSERTIONS = NO;
				FRAMEWORK_SEARCH_PATHS = (
					"$(SDKROOT)/Developer/Library/Frameworks",
					"$(inherited)",
					"$(DEVELOPER_FRAMEWORKS_DIR)",
				);
				GCC_C_LANGUAGE_STANDARD = gnu99;
				GCC_PRECOMPILE_PREFIX_HEADER = YES;
				GCC_PREFIX_HEADER = "MGImageUtilitiesLib/MGImageUtilitiesLib-Prefix.pch";
				GCC_WARN_64_TO_32_BIT_CONVERSION = YES;
				GCC_WARN_ABOUT_RETURN_TYPE = YES_ERROR;
				GCC_WARN_UNDECLARED_SELECTOR = YES;
				GCC_WARN_UNINITIALIZED_AUTOS = YES_AGGRESSIVE;
				GCC_WARN_UNUSED_FUNCTION = YES;
				INFOPLIST_FILE = "MGImageUtilitiesLibTests/MGImageUtilitiesLibTests-Info.plist";
				IPHONEOS_DEPLOYMENT_TARGET = 7.1;
				PRODUCT_NAME = "$(TARGET_NAME)";
				TEST_HOST = "$(BUNDLE_LOADER)";
				VALIDATE_PRODUCT = YES;
				WRAPPER_EXTENSION = xctest;
			};
			name = Release;
		};
		306785201970D2A8005FEEBD /* Debug */ = {
			isa = XCBuildConfiguration;
			buildSettings = {
				PRODUCT_NAME = "$(TARGET_NAME)";
			};
			name = Debug;
		};
		306785211970D2A8005FEEBD /* Release */ = {
			isa = XCBuildConfiguration;
			buildSettings = {
				PRODUCT_NAME = "$(TARGET_NAME)";
			};
			name = Release;
		};
		C01FCF4F08A954540054247B /* Debug */ = {
			isa = XCBuildConfiguration;
			buildSettings = {
				ARCHS = "$(ARCHS_STANDARD_32_BIT)";
				"CODE_SIGN_IDENTITY[sdk=iphoneos*]" = "iPhone Developer";
				GCC_C_LANGUAGE_STANDARD = c99;
				GCC_WARN_ABOUT_RETURN_TYPE = YES;
				GCC_WARN_UNUSED_VARIABLE = YES;
				SDKROOT = iphoneos;
			};
			name = Debug;
		};
		C01FCF5008A954540054247B /* Release */ = {
			isa = XCBuildConfiguration;
			buildSettings = {
				ARCHS = "$(ARCHS_STANDARD_32_BIT)";
				"CODE_SIGN_IDENTITY[sdk=iphoneos*]" = "iPhone Developer";
				GCC_C_LANGUAGE_STANDARD = c99;
				GCC_WARN_ABOUT_RETURN_TYPE = YES;
				GCC_WARN_UNUSED_VARIABLE = YES;
				OTHER_CFLAGS = "-DNS_BLOCK_ASSERTIONS=1";
				SDKROOT = iphoneos;
			};
			name = Release;
		};
/* End XCBuildConfiguration section */

/* Begin XCConfigurationList section */
		1D6058960D05DD3E006BFB54 /* Build configuration list for PBXNativeTarget "MGImageUtilities" */ = {
			isa = XCConfigurationList;
			buildConfigurations = (
				1D6058940D05DD3E006BFB54 /* Debug */,
				1D6058950D05DD3E006BFB54 /* Release */,
			);
			defaultConfigurationIsVisible = 0;
			defaultConfigurationName = Release;
		};
		306785181970D265005FEEBD /* Build configuration list for PBXNativeTarget "MGImageUtilitiesLib" */ = {
			isa = XCConfigurationList;
			buildConfigurations = (
				306785141970D265005FEEBD /* Debug */,
				306785151970D265005FEEBD /* Release */,
			);
			defaultConfigurationIsVisible = 0;
		};
		306785191970D265005FEEBD /* Build configuration list for PBXNativeTarget "MGImageUtilitiesLibTests" */ = {
			isa = XCConfigurationList;
			buildConfigurations = (
				306785161970D265005FEEBD /* Debug */,
				306785171970D265005FEEBD /* Release */,
			);
			defaultConfigurationIsVisible = 0;
		};
		3067851F1970D2A8005FEEBD /* Build configuration list for PBXAggregateTarget "UniversalLib" */ = {
			isa = XCConfigurationList;
			buildConfigurations = (
				306785201970D2A8005FEEBD /* Debug */,
				306785211970D2A8005FEEBD /* Release */,
			);
			defaultConfigurationIsVisible = 0;
		};
		C01FCF4E08A954540054247B /* Build configuration list for PBXProject "MGImageUtilities" */ = {
			isa = XCConfigurationList;
			buildConfigurations = (
				C01FCF4F08A954540054247B /* Debug */,
				C01FCF5008A954540054247B /* Release */,
			);
			defaultConfigurationIsVisible = 0;
			defaultConfigurationName = Release;
		};
/* End XCConfigurationList section */
	};
	rootObject = 29B97313FDCFA39411CA2CEA /* Project object */;
}
